
Microsoft Visual Studio Solution File, Format Version 12.00
Project("{FAE04EC0-301F-11D3-BF4B-00C04F79EFBC}") = "DotNetDesignPatternDemos.Creational.Builder", "DotNetDesignPatternDemos.Creational.Builder\DotNetDesignPatternDemos.Creational.Builder.csproj", "{0DA1411A-64EC-4F92-90A2-14477B245B93}"
EndProject
Project("{FAE04EC0-301F-11D3-BF4B-00C04F79EFBC}") = "UnitTests", "UnitTests\UnitTests.csproj", "{246F1E0B-3DC4-47C8-9514-B9F1676DF942}"
EndProject
Global
	GlobalSection(SolutionConfigurationPlatforms) = preSolution
		Debug|Any CPU = Debug|Any CPU
		Release|Any CPU = Release|Any CPU
	EndGlobalSection
	GlobalSection(ProjectConfigurationPlatforms) = postSolution
		{0DA1411A-64EC-4F92-90A2-14477B245B93}.Debug|Any CPU.ActiveCfg = Debug|Any CPU
		{0DA1411A-64EC-4F92-90A2-14477B245B93}.Debug|Any CPU.Build.0 = Debug|Any CPU
		{0DA1411A-64EC-4F92-90A2-14477B245B93}.Release|Any CPU.ActiveCfg = Release|Any CPU
		{0DA1411A-64EC-4F92-90A2-14477B245B93}.Release|Any CPU.Build.0 = Release|Any CPU
		{246F1E0B-3DC4-47C8-9514-B9F1676DF942}.Debug|Any CPU.ActiveCfg = Debug|Any CPU
		{246F1E0B-3DC4-47C8-9514-B9F1676DF942}.Debug|Any CPU.Build.0 = Debug|Any CPU
		{246F1E0B-3DC4-47C8-9514-B9F1676DF942}.Release|Any CPU.ActiveCfg = Release|Any CPU
		{246F1E0B-3DC4-47C8-9514-B9F1676DF942}.Release|Any CPU.Build.0 = Release|Any CPU
	EndGlobalSection
EndGlobal
